
Microsoft Visual Studio Solution File, Format Version 12.00
# Visual Studio 2012
Project("{FAE04EC0-301F-11D3-BF4B-00C04F79EFBC}") = "Ets2Map", "Ets2Map\Ets2Map.csproj", "{0C97D3FD-7C2D-4AAE-B13D-83EAE69EEA42}"
EndProject
Project("{FAE04EC0-301F-11D3-BF4B-00C04F79EFBC}") = "Ets2Map.Demo", "Ets2Map.Demo\Ets2Map.Demo.csproj", "{33DDDF05-6934-452D-BBC8-78C4A5473AAF}"
EndProject
Global
	GlobalSection(SolutionConfigurationPlatforms) = preSolution
		Debug|Any CPU = Debug|Any CPU
		Release|Any CPU = Release|Any CPU
	EndGlobalSection
	GlobalSection(ProjectConfigurationPlatforms) = postSolution
		{0C97D3FD-7C2D-4AAE-B13D-83EAE69EEA42}.Debug|Any CPU.ActiveCfg = Debug|Any CPU
		{0C97D3FD-7C2D-4AAE-B13D-83EAE69EEA42}.Debug|Any CPU.Build.0 = Debug|Any CPU
		{0C97D3FD-7C2D-4AAE-B13D-83EAE69EEA42}.Release|Any CPU.ActiveCfg = Release|Any CPU
		{0C97D3FD-7C2D-4AAE-B13D-83EAE69EEA42}.Release|Any CPU.Build.0 = Release|Any CPU
		{33DDDF05-6934-452D-BBC8-78C4A5473AAF}.Debug|Any CPU.ActiveCfg = Debug|Any CPU
		{33DDDF05-6934-452D-BBC8-78C4A5473AAF}.Debug|Any CPU.Build.0 = Debug|Any CPU
		{33DDDF05-6934-452D-BBC8-78C4A5473AAF}.Release|Any CPU.ActiveCfg = Release|Any CPU
		{33DDDF05-6934-452D-BBC8-78C4A5473AAF}.Release|Any CPU.Build.0 = Release|Any CPU
	EndGlobalSection
	GlobalSection(SolutionProperties) = preSolution
		HideSolutionNode = FALSE
	EndGlobalSection
EndGlobal
